
Microsoft Visual Studio Solution File, Format Version 12.00
# Visual Studio Version 16
VisualStudioVersion = 16.0.29009.5
MinimumVisualStudioVersion = 15.0.26124.0
Project("{FAE04EC0-301F-11D3-BF4B-00C04F79EFBC}") = "MyApp", "MyApp\MyApp.csproj", "{A764534A-EA56-4FEC-B3E3-1D8FD5D3DDA5}"
EndProject
Project("{FAE04EC0-301F-11D3-BF4B-00C04F79EFBC}") = "MyWeb", "MyWeb\MyWeb.csproj", "{3553C07B-BC5B-4F37-A029-A887F39C7D34}"
EndProject
Project("{FAE04EC0-301F-11D3-BF4B-00C04F79EFBC}") = "MyWebAPI", "MyWebAPI\MyWebAPI.csproj", "{A59B09A4-85CE-45B2-BB3C-DA17C891EC86}"
EndProject
Global
	GlobalSection(SolutionConfigurationPlatforms) = preSolution
		Debug|Any CPU = Debug|Any CPU
		Debug|x64 = Debug|x64
		Debug|x86 = Debug|x86
		Release|Any CPU = Release|Any CPU
		Release|x64 = Release|x64
		Release|x86 = Release|x86
	EndGlobalSection
	GlobalSection(ProjectConfigurationPlatforms) = postSolution
		{A764534A-EA56-4FEC-B3E3-1D8FD5D3DDA5}.Debug|Any CPU.ActiveCfg = Debug|Any CPU
		{A764534A-EA56-4FEC-B3E3-1D8FD5D3DDA5}.Debug|Any CPU.Build.0 = Debug|Any CPU
		{A764534A-EA56-4FEC-B3E3-1D8FD5D3DDA5}.Debug|x64.ActiveCfg = Debug|Any CPU
		{A764534A-EA56-4FEC-B3E3-1D8FD5D3DDA5}.Debug|x64.Build.0 = Debug|Any CPU
		{A764534A-EA56-4FEC-B3E3-1D8FD5D3DDA5}.Debug|x86.ActiveCfg = Debug|Any CPU
		{A764534A-EA56-4FEC-B3E3-1D8FD5D3DDA5}.Debug|x86.Build.0 = Debug|Any CPU
		{A764534A-EA56-4FEC-B3E3-1D8FD5D3DDA5}.Release|Any CPU.ActiveCfg = Release|Any CPU
		{A764534A-EA56-4FEC-B3E3-1D8FD5D3DDA5}.Release|Any CPU.Build.0 = Release|Any CPU
		{A764534A-EA56-4FEC-B3E3-1D8FD5D3DDA5}.Release|x64.ActiveCfg = Release|Any CPU
		{A764534A-EA56-4FEC-B3E3-1D8FD5D3DDA5}.Release|x64.Build.0 = Release|Any CPU
		{A764534A-EA56-4FEC-B3E3-1D8FD5D3DDA5}.Release|x86.ActiveCfg = Release|Any CPU
		{A764534A-EA56-4FEC-B3E3-1D8FD5D3DDA5}.Release|x86.Build.0 = Release|Any CPU
		{3553C07B-BC5B-4F37-A029-A887F39C7D34}.Debug|Any CPU.ActiveCfg = Debug|Any CPU
		{3553C07B-BC5B-4F37-A029-A887F39C7D34}.Debug|Any CPU.Build.0 = Debug|Any CPU
		{3553C07B-BC5B-4F37-A029-A887F39C7D34}.Debug|x64.ActiveCfg = Debug|Any CPU
		{3553C07B-BC5B-4F37-A029-A887F39C7D34}.Debug|x64.Build.0 = Debug|Any CPU
		{3553C07B-BC5B-4F37-A029-A887F39C7D34}.Debug|x86.ActiveCfg = Debug|Any CPU
		{3553C07B-BC5B-4F37-A029-A887F39C7D34}.Debug|x86.Build.0 = Debug|Any CPU
		{3553C07B-BC5B-4F37-A029-A887F39C7D34}.Release|Any CPU.ActiveCfg = Release|Any CPU
		{3553C07B-BC5B-4F37-A029-A887F39C7D34}.Release|Any CPU.Build.0 = Release|Any CPU
		{3553C07B-BC5B-4F37-A029-A887F39C7D34}.Release|x64.ActiveCfg = Release|Any CPU
		{3553C07B-BC5B-4F37-A029-A887F39C7D34}.Release|x64.Build.0 = Release|Any CPU
		{3553C07B-BC5B-4F37-A029-A887F39C7D34}.Release|x86.ActiveCfg = Release|Any CPU
		{3553C07B-BC5B-4F37-A029-A887F39C7D34}.Release|x86.Build.0 = Release|Any CPU
		{A59B09A4-85CE-45B2-BB3C-DA17C891EC86}.Debug|Any CPU.ActiveCfg = Debug|Any CPU
		{A59B09A4-85CE-45B2-BB3C-DA17C891EC86}.Debug|Any CPU.Build.0 = Debug|Any CPU
		{A59B09A4-85CE-45B2-BB3C-DA17C891EC86}.Debug|x64.ActiveCfg = Debug|Any CPU
		{A59B09A4-85CE-45B2-BB3C-DA17C891EC86}.Debug|x64.Build.0 = Debug|Any CPU
		{A59B09A4-85CE-45B2-BB3C-DA17C891EC86}.Debug|x86.ActiveCfg = Debug|Any CPU
		{A59B09A4-85CE-45B2-BB3C-DA17C891EC86}.Debug|x86.Build.0 = Debug|Any CPU
		{A59B09A4-85CE-45B2-BB3C-DA17C891EC86}.Release|Any CPU.ActiveCfg = Release|Any CPU
		{A59B09A4-85CE-45B2-BB3C-DA17C891EC86}.Release|Any CPU.Build.0 = Release|Any CPU
		{A59B09A4-85CE-45B2-BB3C-DA17C891EC86}.Release|x64.ActiveCfg = Release|Any CPU
		{A59B09A4-85CE-45B2-BB3C-DA17C891EC86}.Release|x64.Build.0 = Release|Any CPU
		{A59B09A4-85CE-45B2-BB3C-DA17C891EC86}.Release|x86.ActiveCfg = Release|Any CPU
		{A59B09A4-85CE-45B2-BB3C-DA17C891EC86}.Release|x86.Build.0 = Release|Any CPU
	EndGlobalSection
	GlobalSection(SolutionProperties) = preSolution
		HideSolutionNode = FALSE
	EndGlobalSection
	GlobalSection(ExtensibilityGlobals) = postSolution
		SolutionGuid = {502DB033-62F7-494D-80A2-DC493EE9A0F4}
	EndGlobalSection
EndGlobal
